# THIS IS AN AUTOGENERATED FILE. DO NOT EDIT THIS FILE DIRECTLY.
# yarn lockfile v1


"@next/env@13.1.1":
  version "13.1.1"
  resolved "https://registry.yarnpkg.com/@next/env/-/env-13.1.1.tgz#6ff26488dc7674ef2bfdd1ca28fe43eed1113bea"
  integrity sha512-vFMyXtPjSAiOXOywMojxfKIqE3VWN5RCAx+tT3AS3pcKjMLFTCJFUWsKv8hC+87Z1F4W3r68qTwDFZIFmd5Xkw==

"@next/swc-android-arm-eabi@13.1.1":
  version "13.1.1"
  resolved "https://registry.yarnpkg.com/@next/swc-android-arm-eabi/-/swc-android-arm-eabi-13.1.1.tgz#b5c3cd1f79d5c7e6a3b3562785d4e5ac3555b9e1"
  integrity sha512-qnFCx1kT3JTWhWve4VkeWuZiyjG0b5T6J2iWuin74lORCupdrNukxkq9Pm+Z7PsatxuwVJMhjUoYz7H4cWzx2A==

"@next/swc-android-arm64@13.1.1":
  version "13.1.1"
  resolved "https://registry.yarnpkg.com/@next/swc-android-arm64/-/swc-android-arm64-13.1.1.tgz#e2ca9ccbba9ef770cb19fbe96d1ac00fe4cb330d"
  integrity sha512-eCiZhTzjySubNqUnNkQCjU3Fh+ep3C6b5DCM5FKzsTH/3Gr/4Y7EiaPZKILbvnXmhWtKPIdcY6Zjx51t4VeTfA==

"@next/swc-darwin-arm64@13.1.1":
  version "13.1.1"
  resolved "https://registry.yarnpkg.com/@next/swc-darwin-arm64/-/swc-darwin-arm64-13.1.1.tgz#4af00877332231bbd5a3703435fdd0b011e74767"
  integrity sha512-9zRJSSIwER5tu9ADDkPw5rIZ+Np44HTXpYMr0rkM656IvssowPxmhK0rTreC1gpUCYwFsRbxarUJnJsTWiutPg==

"@next/swc-darwin-x64@13.1.1":
  version "13.1.1"
  resolved "https://registry.yarnpkg.com/@next/swc-darwin-x64/-/swc-darwin-x64-13.1.1.tgz#bf4cb09e7e6ec6d91e031118dde2dd17078bcbbc"
  integrity sha512-qWr9qEn5nrnlhB0rtjSdR00RRZEtxg4EGvicIipqZWEyayPxhUu6NwKiG8wZiYZCLfJ5KWr66PGSNeDMGlNaiA==

"@next/swc-freebsd-x64@13.1.1":
  version "13.1.1"
  resolved "https://registry.yarnpkg.com/@next/swc-freebsd-x64/-/swc-freebsd-x64-13.1.1.tgz#6933ea1264328e8523e28818f912cd53824382d4"
  integrity sha512-UwP4w/NcQ7V/VJEj3tGVszgb4pyUCt3lzJfUhjDMUmQbzG9LDvgiZgAGMYH6L21MoyAATJQPDGiAMWAPKsmumA==

"@next/swc-linux-arm-gnueabihf@13.1.1":
  version "13.1.1"
  resolved "https://registry.yarnpkg.com/@next/swc-linux-arm-gnueabihf/-/swc-linux-arm-gnueabihf-13.1.1.tgz#b5896967aaba3873d809c3ad2e2039e89acde419"
  integrity sha512-CnsxmKHco9sosBs1XcvCXP845Db+Wx1G0qouV5+Gr+HT/ZlDYEWKoHVDgnJXLVEQzq4FmHddBNGbXvgqM1Gfkg==

"@next/swc-linux-arm64-gnu@13.1.1":
  version "13.1.1"
  resolved "https://registry.yarnpkg.com/@next/swc-linux-arm64-gnu/-/swc-linux-arm64-gnu-13.1.1.tgz#91b3e9ea8575b1ded421c0ea0739b7bccf228469"
  integrity sha512-JfDq1eri5Dif+VDpTkONRd083780nsMCOKoFG87wA0sa4xL8LGcXIBAkUGIC1uVy9SMsr2scA9CySLD/i+Oqiw==

"@next/swc-linux-arm64-musl@13.1.1":
  version "13.1.1"
  resolved "https://registry.yarnpkg.com/@next/swc-linux-arm64-musl/-/swc-linux-arm64-musl-13.1.1.tgz#83149ea05d7d55f3664d608dbe004c0d125f9147"
  integrity sha512-GA67ZbDq2AW0CY07zzGt07M5b5Yaq5qUpFIoW3UFfjOPgb0Sqf3DAW7GtFMK1sF4ROHsRDMGQ9rnT0VM2dVfKA==

"@next/swc-linux-x64-gnu@13.1.1":
  version "13.1.1"
  resolved "https://registry.yarnpkg.com/@next/swc-linux-x64-gnu/-/swc-linux-x64-gnu-13.1.1.tgz#d7d0777b56de0dd82b78055772e13e18594a15ca"
  integrity sha512-nnjuBrbzvqaOJaV+XgT8/+lmXrSCOt1YYZn/irbDb2fR2QprL6Q7WJNgwsZNxiLSfLdv+2RJGGegBx9sLBEzGA==

"@next/swc-linux-x64-musl@13.1.1":
  version "13.1.1"
  resolved "https://registry.yarnpkg.com/@next/swc-linux-x64-musl/-/swc-linux-x64-musl-13.1.1.tgz#41655722b127133cd95ab5bc8ca1473e9ab6876f"
  integrity sha512-CM9xnAQNIZ8zf/igbIT/i3xWbQZYaF397H+JroF5VMOCUleElaMdQLL5riJml8wUfPoN3dtfn2s4peSr3azz/g==

"@next/swc-win32-arm64-msvc@13.1.1":
  version "13.1.1"
  resolved "https://registry.yarnpkg.com/@next/swc-win32-arm64-msvc/-/swc-win32-arm64-msvc-13.1.1.tgz#f10da3dfc9b3c2bbd202f5d449a9b807af062292"
  integrity sha512-pzUHOGrbgfGgPlOMx9xk3QdPJoRPU+om84hqVoe6u+E0RdwOG0Ho/2UxCgDqmvpUrMab1Deltlt6RqcXFpnigQ==

"@next/swc-win32-ia32-msvc@13.1.1":
  version "13.1.1"
  resolved "https://registry.yarnpkg.com/@next/swc-win32-ia32-msvc/-/swc-win32-ia32-msvc-13.1.1.tgz#4c0102b9b18ece15c818056d07e3917ee9dade78"
  integrity sha512-WeX8kVS46aobM9a7Xr/kEPcrTyiwJqQv/tbw6nhJ4fH9xNZ+cEcyPoQkwPo570dCOLz3Zo9S2q0E6lJ/EAUOBg==

"@next/swc-win32-x64-msvc@13.1.1":
  version "13.1.1"
  resolved "https://registry.yarnpkg.com/@next/swc-win32-x64-msvc/-/swc-win32-x64-msvc-13.1.1.tgz#c209a37da13be27b722f9c40c40ab4b094866244"
  integrity sha512-mVF0/3/5QAc5EGVnb8ll31nNvf3BWpPY4pBb84tk+BfQglWLqc5AC9q1Ht/YMWiEgs8ALNKEQ3GQnbY0bJF2Gg==

"@swc/helpers@0.4.14":
  version "0.4.14"
  resolved "https://registry.yarnpkg.com/@swc/helpers/-/helpers-0.4.14.tgz#1352ac6d95e3617ccb7c1498ff019654f1e12a74"
  integrity sha512-4C7nX/dvpzB7za4Ql9K81xK3HPxCpHMgwTZVyf+9JQ6VUbn9jjZVN7/Nkdz/Ugzs2CSjqnL/UPXroiVBVHUWUw==
  dependencies:
    tslib "^2.4.0"

"@types/node@18.11.18":
  version "18.11.18"
  resolved "https://registry.yarnpkg.com/@types/node/-/node-18.11.18.tgz#8dfb97f0da23c2293e554c5a50d61ef134d7697f"
  integrity sha512-DHQpWGjyQKSHj3ebjFI/wRKcqQcdR+MoFBygntYOZytCqNfkd2ZC4ARDJ2DQqhjH5p85Nnd3jhUJIXrszFX/JA==

"@types/prop-types@*":
  version "15.7.3"
  resolved "https://registry.npmjs.org/@types/prop-types/-/prop-types-15.7.3.tgz"
  integrity sha512-KfRL3PuHmqQLOG+2tGpRO26Ctg+Cq1E01D2DMriKEATHgWLfeNDmq9e29Q9WIky0dQ3NPkd1mzYH8Lm936Z9qw==

"@types/react@17.0.11":
  version "17.0.11"
  resolved "https://registry.npmjs.org/@types/react/-/react-17.0.11.tgz"
  integrity sha512-yFRQbD+whVonItSk7ZzP/L+gPTJVBkL/7shLEF+i9GC/1cV3JmUxEQz6+9ylhUpWSDuqo1N9qEvqS6vTj4USUA==
  dependencies:
    "@types/prop-types" "*"
    "@types/scheduler" "*"
    csstype "^3.0.2"

"@types/scheduler@*":
  version "0.16.1"
  resolved "https://registry.npmjs.org/@types/scheduler/-/scheduler-0.16.1.tgz"
  integrity sha512-EaCxbanVeyxDRTQBkdLb3Bvl/HK7PBK6UJjsSixB0iHKoWxE5uu2Q/DgtpOhPIojN0Zl1whvOd7PoHs2P0s5eA==

caniuse-lite@^1.0.30001406:
  version "1.0.30001441"
  resolved "https://registry.yarnpkg.com/caniuse-lite/-/caniuse-lite-1.0.30001441.tgz#987437b266260b640a23cd18fbddb509d7f69f3e"
  integrity sha512-OyxRR4Vof59I3yGWXws6i908EtGbMzVUi3ganaZQHmydk1iwDhRnvaPG2WaR0KcqrDFKrxVZHULT396LEPhXfg==

client-only@0.0.1:
  version "0.0.1"
  resolved "https://registry.yarnpkg.com/client-only/-/client-only-0.0.1.tgz#38bba5d403c41ab150bff64a95c85013cf73bca1"
  integrity sha512-IV3Ou0jSMzZrd3pZ48nLkT9DA7Ag1pnPzaiQhpW7c3RbcqqzvzzVu+L8gfqMp/8IM2MQtSiqaCxrrcfu8I8rMA==

csstype@^3.0.2:
  version "3.0.8"
  resolved "https://registry.npmjs.org/csstype/-/csstype-3.0.8.tgz"
  integrity sha512-jXKhWqXPmlUeoQnF/EhTtTl4C9SnrxSH/jZUih3jmO6lBKr99rP3/+FmrMj4EFpOXzMtXHAZkd3x0E6h6Fgflw==

fast-deep-equal@^3.1.3:
  version "3.1.3"
  resolved "https://registry.yarnpkg.com/fast-deep-equal/-/fast-deep-equal-3.1.3.tgz#3a7d56b559d6cbc3eb512325244e619a65c6c525"
  integrity sha512-f3qQ9oQy9j2AhBe/H9VC91wLmKBCCU/gDOnKNAYG5hswO7BLKj09Hc5HYNz9cGI++xlpDCIgDaitVs03ATR84Q==

"js-tokens@^3.0.0 || ^4.0.0":
  version "4.0.0"
  resolved "https://registry.yarnpkg.com/js-tokens/-/js-tokens-4.0.0.tgz#19203fb59991df98e3a287050d4647cdeaf32499"
  integrity sha512-RdJUflcE3cUzKiMqQgsCu06FPu9UdIJO0beYbPhHN4k6apgJtifcoCtT9bcxOpYBtpD2kCM6Sbzg4CausW/PKQ==

loose-envify@^1.1.0:
  version "1.4.0"
  resolved "https://registry.yarnpkg.com/loose-envify/-/loose-envify-1.4.0.tgz#71ee51fa7be4caec1a63839f7e682d8132d30caf"
  integrity sha512-lyuxPGr/Wfhrlem2CL/UcnUc1zcqKAImBDzukY7Y5F/yQiNdko6+fRLevlw1HgMySw7f611UIY408EtxRSoK3Q==
  dependencies:
    js-tokens "^3.0.0 || ^4.0.0"

nanoid@^3.3.4:
  version "3.3.4"
  resolved "https://registry.yarnpkg.com/nanoid/-/nanoid-3.3.4.tgz#730b67e3cd09e2deacf03c027c81c9d9dbc5e8ab"
  integrity sha512-MqBkQh/OHTS2egovRtLk45wEyNXwF+cokD+1YPf9u5VfJiRdAiRwB2froX5Co9Rh20xs4siNPm8naNotSD6RBw==

next@^13.1.1:
  version "13.1.1"
  resolved "https://registry.yarnpkg.com/next/-/next-13.1.1.tgz#42b825f650410649aff1017d203a088d77c80b5b"
  integrity sha512-R5eBAaIa3X7LJeYvv1bMdGnAVF4fVToEjim7MkflceFPuANY3YyvFxXee/A+acrSYwYPvOvf7f6v/BM/48ea5w==
  dependencies:
    "@next/env" "13.1.1"
    "@swc/helpers" "0.4.14"
    caniuse-lite "^1.0.30001406"
    postcss "8.4.14"
    styled-jsx "5.1.1"
  optionalDependencies:
    "@next/swc-android-arm-eabi" "13.1.1"
    "@next/swc-android-arm64" "13.1.1"
    "@next/swc-darwin-arm64" "13.1.1"
    "@next/swc-darwin-x64" "13.1.1"
    "@next/swc-freebsd-x64" "13.1.1"
    "@next/swc-linux-arm-gnueabihf" "13.1.1"
    "@next/swc-linux-arm64-gnu" "13.1.1"
    "@next/swc-linux-arm64-musl" "13.1.1"
    "@next/swc-linux-x64-gnu" "13.1.1"
    "@next/swc-linux-x64-musl" "13.1.1"
    "@next/swc-win32-arm64-msvc" "13.1.1"
    "@next/swc-win32-ia32-msvc" "13.1.1"
    "@next/swc-win32-x64-msvc" "13.1.1"

picocolors@^1.0.0:
  version "1.0.0"
  resolved "https://registry.yarnpkg.com/picocolors/-/picocolors-1.0.0.tgz#cb5bdc74ff3f51892236eaf79d68bc44564ab81c"
  integrity sha512-1fygroTLlHu66zi26VoTDv8yRgm0Fccecssto+MhsZ0D/DGW2sm8E8AjW7NU5VVTRt5GxbeZ5qBuJr+HyLYkjQ==

postcss@8.4.14:
  version "8.4.14"
  resolved "https://registry.yarnpkg.com/postcss/-/postcss-8.4.14.tgz#ee9274d5622b4858c1007a74d76e42e56fd21caf"
  integrity sha512-E398TUmfAYFPBSdzgeieK2Y1+1cpdxJx8yXbK/m57nRhKSmk1GB2tO4lbLBtlkfPQTDKfe4Xqv1ASWPpayPEig==
  dependencies:
    nanoid "^3.3.4"
    picocolors "^1.0.0"
    source-map-js "^1.0.2"

react-dom@18.2.0:
  version "18.2.0"
  resolved "https://registry.yarnpkg.com/react-dom/-/react-dom-18.2.0.tgz#22aaf38708db2674ed9ada224ca4aa708d821e3d"
  integrity sha512-6IMTriUmvsjHUjNtEDudZfuDQUoWXVxKHhlEGSk81n4YFS+r/Kl99wXiwlVXtPBtJenozv2P+hxDsw9eA7Xo6g==
  dependencies:
    loose-envify "^1.1.0"
    scheduler "^0.23.0"

react-particles@^2.7.1:
  version "2.7.1"
  resolved "https://registry.yarnpkg.com/react-particles/-/react-particles-2.7.1.tgz#676fe356dadf2609c3f7c7427ca7055b47cf7588"
  integrity sha512-089gcd6UlW0DPsjbbSxIYTXWm7mnLVrfo1/NIHbTxLQO9LcGNDdxv/pd5PwKcVoQTHoDueHL1mbrhsX+8ARKfQ==
  dependencies:
    fast-deep-equal "^3.1.3"
    tsparticles-engine "^2.7.1"

react@18.2.0:
  version "18.2.0"
  resolved "https://registry.yarnpkg.com/react/-/react-18.2.0.tgz#555bd98592883255fa00de14f1151a917b5d77d5"
  integrity sha512-/3IjMdb2L9QbBdWiW5e3P2/npwMBaU9mHCSCUzNln0ZCYbcfTsGbTJrU/kGemdH2IWmB2ioZ+zkxtmq6g09fGQ==
  dependencies:
    loose-envify "^1.1.0"

scheduler@^0.23.0:
  version "0.23.0"
  resolved "https://registry.yarnpkg.com/scheduler/-/scheduler-0.23.0.tgz#ba8041afc3d30eb206a487b6b384002e4e61fdfe"
  integrity sha512-CtuThmgHNg7zIZWAXi3AsyIzA3n4xx7aNyjwC2VJldO2LMVDhFK+63xGqq6CsJH4rTAt6/M+N4GhZiDYPx9eUw==
  dependencies:
    loose-envify "^1.1.0"

source-map-js@^1.0.2:
  version "1.0.2"
  resolved "https://registry.yarnpkg.com/source-map-js/-/source-map-js-1.0.2.tgz#adbc361d9c62df380125e7f161f71c826f1e490c"
  integrity sha512-R0XvVJ9WusLiqTCEiGCmICCMplcCkIwwR11mOSD9CR5u+IXYdiseeEuXCVAjS54zqwkLcPNnmU4OeJ6tUrWhDw==

styled-jsx@5.1.1:
  version "5.1.1"
  resolved "https://registry.yarnpkg.com/styled-jsx/-/styled-jsx-5.1.1.tgz#839a1c3aaacc4e735fed0781b8619ea5d0009d1f"
  integrity sha512-pW7uC1l4mBZ8ugbiZrcIsiIvVx1UmTfw7UkC3Um2tmfUq9Bhk8IiyEIPl6F8agHgjzku6j0xQEZbfA5uSgSaCw==
  dependencies:
    client-only "0.0.1"

tslib@^2.4.0:
  version "2.4.1"
  resolved "https://registry.yarnpkg.com/tslib/-/tslib-2.4.1.tgz#0d0bfbaac2880b91e22df0768e55be9753a5b17e"
  integrity sha512-tGyy4dAjRIEwI7BzsB0lynWgOpfqjUdq91XXAlIWD2OwKBH7oCl/GZG/HT4BOHrTlPMOASlMQ7veyTqpmRcrNA==

tsparticles-engine@^2.7.1:
  version "2.7.1"
  resolved "https://registry.yarnpkg.com/tsparticles-engine/-/tsparticles-engine-2.7.1.tgz#8800ed8569db65dbccaed6c42e5bf86bdf2dff1a"
  integrity sha512-iUjaagXDyYuJi107yADrLegIQ1jHe658JJQUv6+Fd/DRLrmuBU4XrzaxlERv72LHUrZtk1E/WmnOpeIw1AJzFQ==

tsparticles-interaction-external-attract@^2.7.1:
  version "2.7.1"
  resolved "https://registry.yarnpkg.com/tsparticles-interaction-external-attract/-/tsparticles-interaction-external-attract-2.7.1.tgz#8e789139d90a0e31113d5aa0f311f4c430df0900"
  integrity sha512-Jjs4MKajd7RFzwQd8BlyKXLar8RpnmN2g89v9+g0XgsUeh/kw/aDu7kITzX2JbKpSe72jlIt465ZeWprxC5vMw==
  dependencies:
    tsparticles-engine "^2.7.1"

tsparticles-interaction-external-bounce@^2.7.1:
  version "2.7.1"
  resolved "https://registry.yarnpkg.com/tsparticles-interaction-external-bounce/-/tsparticles-interaction-external-bounce-2.7.1.tgz#80da9cfd1826bc13928f7a0e9e580becc881069f"
  integrity sha512-HIsuxuLaPcQWByjzysmvOVTgdhgVdFl63IMFuxNUUTiFG5Fbr4e6SwBgjyQzksZCmUzR7k0KczXTQBqSNraCcA==
  dependencies:
    tsparticles-engine "^2.7.1"

tsparticles-interaction-external-bubble@^2.7.1:
  version "2.7.1"
  resolved "https://registry.yarnpkg.com/tsparticles-interaction-external-bubble/-/tsparticles-interaction-external-bubble-2.7.1.tgz#bf3a55ec399279907b492cff0ed3ba44859eb7d1"
  integrity sha512-m1LlIkW/V+uGDDG8q7c0km2BgkUQeBlxyndOPvWiS+61rCruMR/l1nshcss7H+lC7TVOlKPp5VEfdvH1BL2uXg==
  dependencies:
    tsparticles-engine "^2.7.1"

tsparticles-interaction-external-connect@^2.7.1:
  version "2.7.1"
  resolved "https://registry.yarnpkg.com/tsparticles-interaction-external-connect/-/tsparticles-interaction-external-connect-2.7.1.tgz#95a3578a7800ff602678475dfbe51cf479a2fe1b"
  integrity sha512-U1XQaNpT6vjQ/jc7U78AxMx+Zy5NQeVQmGZKa5hXrHNt974HEmJPFur5zQs2gWVv3p3sCLkXYB86/UU+Zt8lWQ==
  dependencies:
    tsparticles-engine "^2.7.1"

tsparticles-interaction-external-grab@^2.7.1:
  version "2.7.1"
  resolved "https://registry.yarnpkg.com/tsparticles-interaction-external-grab/-/tsparticles-interaction-external-grab-2.7.1.tgz#cc801c4a0a105013241b246d0b33f57742a1f483"
  integrity sha512-SIzcN64zN4us19lddB6P+jygTSK7C9VUxzzhk+Q7FuSB/ThubOZCJZpI79LgRS06N4iCUusbBJKQCv+Otfi3Vg==
  dependencies:
    tsparticles-engine "^2.7.1"

tsparticles-interaction-external-pause@^2.7.1:
  version "2.7.1"
  resolved "https://registry.yarnpkg.com/tsparticles-interaction-external-pause/-/tsparticles-interaction-external-pause-2.7.1.tgz#5d32246b3bc3b1ea3f843c0565d66996be784186"
  integrity sha512-pAV84JSELFQQtZd65H7+CbN7V7COSp+SWLfqP7GNMt3U6LDDeHwM0Su9e7QaDd0JO42ofQu8r/P4QBrwBDdRCw==
  dependencies:
    tsparticles-engine "^2.7.1"

tsparticles-interaction-external-push@^2.7.1:
  version "2.7.1"
  resolved "https://registry.yarnpkg.com/tsparticles-interaction-external-push/-/tsparticles-interaction-external-push-2.7.1.tgz#e794b96695485f5c9f1122174c3dd465a78c9ae0"
  integrity sha512-Ojg7/w2cElZ2qzR78uXDJWiVUxs1yzB5zLaYPFxI3hat63GsX1+1jWL4YMV1cb3BEpzOK+Tck+l+LtBeNQ3sLA==
  dependencies:
    tsparticles-engine "^2.7.1"

tsparticles-interaction-external-remove@^2.7.1:
  version "2.7.1"
  resolved "https://registry.yarnpkg.com/tsparticles-interaction-external-remove/-/tsparticles-interaction-external-remove-2.7.1.tgz#c5b1242d6d752895bc4b047e43c8c4feebf6a43c"
  integrity sha512-KJV+WUW2xR+ym4nzgYKIOiKB5a/WZr8aKA6f8ug7xAAPFyTGAye+rWYNf3RdFoziqLe86M+YFOteOg3VKTlrSA==
  dependencies:
    tsparticles-engine "^2.7.1"

tsparticles-interaction-external-repulse@^2.7.1:
  version "2.7.1"
  resolved "https://registry.yarnpkg.com/tsparticles-interaction-external-repulse/-/tsparticles-interaction-external-repulse-2.7.1.tgz#ed8393b7d2370882b07e3945cc68bfec5d1f9108"
  integrity sha512-VThfYODxxhEeuR9oc+914qjTEv0bpG/IDkNLKyCdcr3N/Zf5MJqvrSXmHumPuD6a82lzMUukO12HNVkIUbtTbw==
  dependencies:
    tsparticles-engine "^2.7.1"

tsparticles-interaction-external-slow@^2.7.1:
  version "2.7.1"
  resolved "https://registry.yarnpkg.com/tsparticles-interaction-external-slow/-/tsparticles-interaction-external-slow-2.7.1.tgz#749a98f8c495cf217bcba417cb61816f2afadc8b"
  integrity sha512-Gb9xzGrAr2uEB3kvICz8oMjDZ76dJ/yeaLwWIrMnqjcs2xFhc0JpXjHFISxzujvY52O8uTJVzLn6Cq4IaMOHZw==
  dependencies:
    tsparticles-engine "^2.7.1"

tsparticles-interaction-external-trail@^2.7.1:
  version "2.7.1"
  resolved "https://registry.yarnpkg.com/tsparticles-interaction-external-trail/-/tsparticles-interaction-external-trail-2.7.1.tgz#a173f9832437e4e4b344d3b5d3547a4ebd39d397"
  integrity sha512-5iBPCWeEBZTuzyVOZ6+PwZHV8+P4E1I1c4ymnORl4AVznOu9heCe96vNGzH06T7YJpK/aSXtx8ppLRBdRyNvZQ==
  dependencies:
    tsparticles-engine "^2.7.1"

tsparticles-interaction-particles-attract@^2.7.1:
  version "2.7.1"
  resolved "https://registry.yarnpkg.com/tsparticles-interaction-particles-attract/-/tsparticles-interaction-particles-attract-2.7.1.tgz#bd075dc280c3ec1f63d65390d51950b88088bf13"
  integrity sha512-DYpO4BdXpKgLczd6Znxh5ma2LL7KYZcDpm28StQUKsnE8Q5QRaMsvXAQMLpUR+3b9fkDswuoxy0lq8RkhMXNuA==
  dependencies:
    tsparticles-engine "^2.7.1"

tsparticles-interaction-particles-collisions@^2.7.1:
  version "2.7.1"
  resolved "https://registry.yarnpkg.com/tsparticles-interaction-particles-collisions/-/tsparticles-interaction-particles-collisions-2.7.1.tgz#548f2422946c6a02b89a79c8f6a30b61bf042baf"
  integrity sha512-AyVvZxcdb3LUdqxNePRVS9sA0+uP91mZidWwA5xTMfXK7kp3vWyHYKEkSN4BRFs4L3QYjFEgf56LnxKdc4wM0g==
  dependencies:
    tsparticles-engine "^2.7.1"

tsparticles-interaction-particles-links@^2.7.1:
  version "2.7.1"
  resolved "https://registry.yarnpkg.com/tsparticles-interaction-particles-links/-/tsparticles-interaction-particles-links-2.7.1.tgz#4c27caa1542bac65feb5c9eb26b7361e7d8dc780"
  integrity sha512-ugHzaONF3sFzD+44oToQbthbewj7HUfakMJ7WS+iba5IF0qmA4d95cuipjhONiiqbgD7zk8uALyeTqZUkFTffw==
  dependencies:
    tsparticles-engine "^2.7.1"

tsparticles-move-base@^2.7.1:
  version "2.7.1"
  resolved "https://registry.yarnpkg.com/tsparticles-move-base/-/tsparticles-move-base-2.7.1.tgz#d3b6474b7e5464c548c55229ec3b6e061467d075"
  integrity sha512-RqxMN0j/YzPOABeKNOsvQ9cgGeoQKWV1pl9sInCUzvyOpKjeXtv+dN4+NjF6s78hcVYt3yFKmr4jsaD0RJBpNw==
  dependencies:
    tsparticles-engine "^2.7.1"

tsparticles-move-parallax@^2.7.1:
  version "2.7.1"
  resolved "https://registry.yarnpkg.com/tsparticles-move-parallax/-/tsparticles-move-parallax-2.7.1.tgz#34fea111e586077aa5b5fa46d02978d3cbe7bdb4"
  integrity sha512-B4D8FTDzaR6vpY9+aCa2pBZhqsHgijdrIuH7QgzF4Q2AWULeYfXwaA1SHf7krY9jwHPKDUfHI5QqpcRyzEu7Xg==
  dependencies:
    tsparticles-engine "^2.7.1"

tsparticles-particles.js@^2.7.1:
  version "2.7.1"
  resolved "https://registry.yarnpkg.com/tsparticles-particles.js/-/tsparticles-particles.js-2.7.1.tgz#328aa2db724e6fd40f30113d212d0e035fddb149"
  integrity sha512-sHK9clm2qUJbxqra7djl2x7ZIY6QHUGMNGq4HF7K33i/vzjcN3ODZMqITAX+GNz9OuqViF9q9HZ20Z4nwxUl/g==
  dependencies:
    tsparticles-engine "^2.7.1"

tsparticles-plugin-absorbers@^2.7.1:
  version "2.7.1"
  resolved "https://registry.yarnpkg.com/tsparticles-plugin-absorbers/-/tsparticles-plugin-absorbers-2.7.1.tgz#314c0bc3431ec342eec8ef2dcfc5917787c81333"
  integrity sha512-nh0MOSdYTkEsl/hIrxUCRV/9mRvh1LJjHKIAHg/V/5S03xITLF3Au9PaUrH4q9hoZbKinQqfW/+TWcfdDHVmrQ==
  dependencies:
    tsparticles-engine "^2.7.1"

tsparticles-plugin-easing-quad@^2.7.1:
  version "2.7.1"
  resolved "https://registry.yarnpkg.com/tsparticles-plugin-easing-quad/-/tsparticles-plugin-easing-quad-2.7.1.tgz#d67205eb24b90e5ecb7ed945468d79cd72b9fa1c"
  integrity sha512-nM7gffi7cvVxL0Xa50FG9Lk72F2Q1pOeMroGVZgb0reDtlUgihGXrZwW2shnrSa6/owDrFMpi5T0UaDbyS5JOg==
  dependencies:
    tsparticles-engine "^2.7.1"

tsparticles-plugin-emitters@^2.7.1:
  version "2.7.1"
  resolved "https://registry.yarnpkg.com/tsparticles-plugin-emitters/-/tsparticles-plugin-emitters-2.7.1.tgz#4f7b051fdad55be1de0923a07e1f92d876a5305b"
  integrity sha512-8R8KZw/MewiJQm/551KVgJvGtcxotZY6OveXWGvRkZmrrkBprJnxZH7CbQuQ7u/8Vy6HTJ1kBhr4XpxRAIumfA==
  dependencies:
    tsparticles-engine "^2.7.1"

tsparticles-shape-circle@^2.7.1:
  version "2.7.1"
  resolved "https://registry.yarnpkg.com/tsparticles-shape-circle/-/tsparticles-shape-circle-2.7.1.tgz#44502bb90223684c9101449a44ad4ed70f88824b"
  integrity sha512-rTNjH8EwP1tL+oOqgu8b0FDdhGKXDPBVqRIew6H3APVVP/5HNbVb9fwpBPLvHtHC0cpfg/WgXanx9QqZxrEXWQ==
  dependencies:
    tsparticles-engine "^2.7.1"

tsparticles-shape-image@^2.7.1:
  version "2.7.1"
  resolved "https://registry.yarnpkg.com/tsparticles-shape-image/-/tsparticles-shape-image-2.7.1.tgz#343d8ec8a179180b95c457d12bdb0d6249973a8c"
  integrity sha512-mvzd0hwTdYNe7+wh7+u5hG0v0DmTVnk3zAAcKmv7lR5qesW3mms2GntwhmyV/CSThYsk33T25fl5xa7G7ZKQVg==
  dependencies:
    tsparticles-engine "^2.7.1"

tsparticles-shape-line@^2.7.1:
  version "2.7.1"
  resolved "https://registry.yarnpkg.com/tsparticles-shape-line/-/tsparticles-shape-line-2.7.1.tgz#fc9c21030ca3868f5e0b47e3ccd4105e288b7f6e"
  integrity sha512-u1/OeVM3zKGZWzPlX2qxh8MvAZP6D96NtlRLfa2akX4HD2gfVgSucocdFAIaXnVrtTdWK7YQeMmyaj+j9SRwpA==
  dependencies:
    tsparticles-engine "^2.7.1"

tsparticles-shape-polygon@^2.7.1:
  version "2.7.1"
  resolved "https://registry.yarnpkg.com/tsparticles-shape-polygon/-/tsparticles-shape-polygon-2.7.1.tgz#ea12e03d891c64f312a408b1d47f6b40bec8a21d"
  integrity sha512-8F7MGEeiAEbQPQiNtUTjzju42bv7vyb0JFc+HpZaEQCYKOOOkpo6hBCok/PLJ1Gu6n/86LrbXcbOc2X1cA1Ovw==
  dependencies:
    tsparticles-engine "^2.7.1"

tsparticles-shape-square@^2.7.1:
  version "2.7.1"
  resolved "https://registry.yarnpkg.com/tsparticles-shape-square/-/tsparticles-shape-square-2.7.1.tgz#0a4b1dac8d571c86f5c18ead1cd48154d7feef63"
  integrity sha512-HMsQVO8D+oMVMP74Q8HFje3oP6bEcu9hse78osLgFCmm6/FDtJw+qk41e8I6GHSKBXYN5o5J3bInUk5yJdWtPQ==
  dependencies:
    tsparticles-engine "^2.7.1"

tsparticles-shape-star@^2.7.1:
  version "2.7.1"
  resolved "https://registry.yarnpkg.com/tsparticles-shape-star/-/tsparticles-shape-star-2.7.1.tgz#e478f476c8eab030e37dfbc3dee5503dd851a604"
  integrity sha512-mrFeQut1RH3YytCNsdOApeH+ow+4bwUQQuyNwbdRGZbElaRtAm4DzLMpHl50okoSs8Z9e1gFK1HAXxb8FOmCWg==
  dependencies:
    tsparticles-engine "^2.7.1"

tsparticles-shape-text@^2.7.1:
  version "2.7.1"
  resolved "https://registry.yarnpkg.com/tsparticles-shape-text/-/tsparticles-shape-text-2.7.1.tgz#2efebebb3ea7eac2b4d2fe7078f4cd137c212180"
  integrity sha512-ZX/c4EHDdPKZsdHegwrmHQCAzyzzG30dLEMq1AUtgn0DW75TpgVRAGooBmwInYUBlyZJ/3T3OA38vVlpUAD4oQ==
  dependencies:
    tsparticles-engine "^2.7.1"

tsparticles-slim@^2.7.1:
  version "2.7.1"
  resolved "https://registry.yarnpkg.com/tsparticles-slim/-/tsparticles-slim-2.7.1.tgz#b84d2b9c56116d45bb03f6d8c7773c56f592b340"
  integrity sha512-OqXFceVKnevz67V9Mglc2DgloxU047D3jjlBlb1Yz1/i6s60lAu+XigFyQtagcnYDTxNuuI2vJzP+sewT+22uw==
  dependencies:
    tsparticles-engine "^2.7.1"
    tsparticles-interaction-external-attract "^2.7.1"
    tsparticles-interaction-external-bounce "^2.7.1"
    tsparticles-interaction-external-bubble "^2.7.1"
    tsparticles-interaction-external-connect "^2.7.1"
    tsparticles-interaction-external-grab "^2.7.1"
    tsparticles-interaction-external-pause "^2.7.1"
    tsparticles-interaction-external-push "^2.7.1"
    tsparticles-interaction-external-remove "^2.7.1"
    tsparticles-interaction-external-repulse "^2.7.1"
    tsparticles-interaction-external-slow "^2.7.1"
    tsparticles-interaction-particles-attract "^2.7.1"
    tsparticles-interaction-particles-collisions "^2.7.1"
    tsparticles-interaction-particles-links "^2.7.1"
    tsparticles-move-base "^2.7.1"
    tsparticles-move-parallax "^2.7.1"
    tsparticles-particles.js "^2.7.1"
    tsparticles-plugin-easing-quad "^2.7.1"
    tsparticles-shape-circle "^2.7.1"
    tsparticles-shape-image "^2.7.1"
    tsparticles-shape-line "^2.7.1"
    tsparticles-shape-polygon "^2.7.1"
    tsparticles-shape-square "^2.7.1"
    tsparticles-shape-star "^2.7.1"
    tsparticles-shape-text "^2.7.1"
    tsparticles-updater-angle "^2.7.1"
    tsparticles-updater-color "^2.7.1"
    tsparticles-updater-life "^2.7.1"
    tsparticles-updater-opacity "^2.7.1"
    tsparticles-updater-out-modes "^2.7.1"
    tsparticles-updater-size "^2.7.1"
    tsparticles-updater-stroke-color "^2.7.1"

tsparticles-updater-angle@^2.7.1:
  version "2.7.1"
  resolved "https://registry.yarnpkg.com/tsparticles-updater-angle/-/tsparticles-updater-angle-2.7.1.tgz#f5f15b0c9cb37aaf016336fef28daaccc5a1a41e"
  integrity sha512-619dYwTtvzBDMKkXibGksk15RdxEYtwZAdxviX2CRsq+ysYRkOzepgp/L1Oj/KAwrP19ztyOOLJlkO39pkDvzQ==
  dependencies:
    tsparticles-engine "^2.7.1"

tsparticles-updater-color@^2.7.1:
  version "2.7.1"
  resolved "https://registry.yarnpkg.com/tsparticles-updater-color/-/tsparticles-updater-color-2.7.1.tgz#1b8fbad8cfba015aa805c13db62838ac06cc3ad0"
  integrity sha512-0xxIGdYTpMnG1l6xpCo3FsIlQTuThH+FqsWjtPOb3HTLL7Z2gPbaQAwjVJwZ9VYfIwz3GhdjWXK6P9/iXLBzrA==
  dependencies:
    tsparticles-engine "^2.7.1"

tsparticles-updater-destroy@^2.7.1:
  version "2.7.1"
  resolved "https://registry.yarnpkg.com/tsparticles-updater-destroy/-/tsparticles-updater-destroy-2.7.1.tgz#7dbbeece02b2919ea5c38059aeb6bf6769b54560"
  integrity sha512-xWV3CXDdVP56nggZipDd5wzkM6lZ6cVjCHuA3UmjkUkV3zEU2mmzAfnKZPjz0w6f+8g6sn7IDlrWD8wL3FKQvA==
  dependencies:
    tsparticles-engine "^2.7.1"

tsparticles-updater-life@^2.7.1:
  version "2.7.1"
  resolved "https://registry.yarnpkg.com/tsparticles-updater-life/-/tsparticles-updater-life-2.7.1.tgz#1405f0dc9b50a037c91e48d8780691be2d7c1eaa"
  integrity sha512-bLgMe/CUo77Fw108EbQ2GN0wb4Y2FXIbpcv3N3wN51eDB6cvqI8rXDYnrKHzfe23Fs9BaZ+8cCMPnsBeASuSPg==
  dependencies:
    tsparticles-engine "^2.7.1"

tsparticles-updater-opacity@^2.7.1:
  version "2.7.1"
  resolved "https://registry.yarnpkg.com/tsparticles-updater-opacity/-/tsparticles-updater-opacity-2.7.1.tgz#adf7dc7581a8bd70468c58fb655034cdf5a49f32"
  integrity sha512-ELlZHFJZrUaiW+h5x4IZ5Gkog6FaBz9rHdlqcQaXTJnDvdXTR6qe8Au9B6aL6DnOidJ1mRacTf8IcpGchpFqXw==
  dependencies:
    tsparticles-engine "^2.7.1"

tsparticles-updater-out-modes@^2.7.1:
  version "2.7.1"
  resolved "https://registry.yarnpkg.com/tsparticles-updater-out-modes/-/tsparticles-updater-out-modes-2.7.1.tgz#72797f61a0374867ec9540d9f45a02a92e523fa5"
  integrity sha512-HbwFoDFYPv77x6P3uDCgg2WuMXeQnLmd6m3HVSwvsFd5/PDdkunQljGmsEG36ZRHRWIaXtBDq5m5vB15gvlz6Q==
  dependencies:
    tsparticles-engine "^2.7.1"

tsparticles-updater-roll@^2.7.1:
  version "2.7.1"
  resolved "https://registry.yarnpkg.com/tsparticles-updater-roll/-/tsparticles-updater-roll-2.7.1.tgz#731b308ad50241e90b39cf7ddaaabafa41f992de"
  integrity sha512-EP+4waqzufALY+ANUggI+m7UtR+1vkrREYVS7yY4oQNDBGkbx+DMb5GlwAF3R1Q2Y2Q0uBynSiTEE1q0UVaUpw==
  dependencies:
    tsparticles-engine "^2.7.1"

tsparticles-updater-size@^2.7.1:
  version "2.7.1"
  resolved "https://registry.yarnpkg.com/tsparticles-updater-size/-/tsparticles-updater-size-2.7.1.tgz#8fad83fbd978b9e2f683b837635cd47676858778"
  integrity sha512-Sy9Tkq8AkdbasxgrCzouMc8triS03ZLJ9vrp0OrKd/15e9oOJ7knTYDZtNb13IgAt2K0gKt5YvXYYTiQBPXveA==
  dependencies:
    tsparticles-engine "^2.7.1"

tsparticles-updater-stroke-color@^2.7.1:
  version "2.7.1"
  resolved "https://registry.yarnpkg.com/tsparticles-updater-stroke-color/-/tsparticles-updater-stroke-color-2.7.1.tgz#19375982659f336ec738fce434cf3dad9e312fb0"
  integrity sha512-j+jch5B9DYv8CEG/i45ib5DRn6Jklyfju8bRi5WpFRgQTO4feW/BwGcWbmUY6g048Rl3G4YD6SvQgaDyCj2W3Q==
  dependencies:
    tsparticles-engine "^2.7.1"

tsparticles-updater-tilt@^2.7.1:
  version "2.7.1"
  resolved "https://registry.yarnpkg.com/tsparticles-updater-tilt/-/tsparticles-updater-tilt-2.7.1.tgz#f035168a2dfce79918d6b1f8045cbec5cced2379"
  integrity sha512-AqZDQzEsLzY5dy7mSqJUA3+aG166+3QLwjM1oRrL9ZFR1EM5L6fH72Z69HsIvFD++eCMsmfhRX5NGf/arrH5CQ==
  dependencies:
    tsparticles-engine "^2.7.1"

tsparticles-updater-twinkle@^2.7.1:
  version "2.7.1"
  resolved "https://registry.yarnpkg.com/tsparticles-updater-twinkle/-/tsparticles-updater-twinkle-2.7.1.tgz#ae763e46e79ae105e6035b5b738855b6d7e70888"
  integrity sha512-v/C3UMUzw8T6weV4UC4Mwf31OAcYDcxvhaLUkD5KHOsDJnE/4c5moq743Spu0CURqA73OUxn6Vi1Ow6tAmQH3A==
  dependencies:
    tsparticles-engine "^2.7.1"

tsparticles-updater-wobble@^2.7.1:
  version "2.7.1"
  resolved "https://registry.yarnpkg.com/tsparticles-updater-wobble/-/tsparticles-updater-wobble-2.7.1.tgz#dadba206d0b738c0d11aa0b107ef7dc18dfe9f22"
  integrity sha512-dsIFA4bbZZ5cviZFk08x5+E2gDLWm3zximUU1m0yPgtY3TEfdOzkuIFX2qDyhuHzMLWOBojSdezexxfMoIix/w==
  dependencies:
    tsparticles-engine "^2.7.1"

tsparticles@^2.7.1:
  version "2.7.1"
  resolved "https://registry.yarnpkg.com/tsparticles/-/tsparticles-2.7.1.tgz#9ca28efb7ee16c504a14edd068014b13ca7f480e"
  integrity sha512-W8hVaUBnXOGHiaJfgFCpgYd0aisp5j4Pv/Oo+K21B5GzpGudi6XbwGAK8GX5x214yQG8VM3+uGUIRnha97DVtg==
  dependencies:
    tsparticles-engine "^2.7.1"
    tsparticles-interaction-external-trail "^2.7.1"
    tsparticles-plugin-absorbers "^2.7.1"
    tsparticles-plugin-emitters "^2.7.1"
    tsparticles-slim "^2.7.1"
    tsparticles-updater-destroy "^2.7.1"
    tsparticles-updater-roll "^2.7.1"
    tsparticles-updater-tilt "^2.7.1"
    tsparticles-updater-twinkle "^2.7.1"
    tsparticles-updater-wobble "^2.7.1"

typescript@4.3.2:
  version "4.3.2"
  resolved "https://registry.npmjs.org/typescript/-/typescript-4.3.2.tgz"
  integrity sha512-zZ4hShnmnoVnAHpVHWpTcxdv7dWP60S2FsydQLV8V5PbS3FifjWFFRiHSWpDJahly88PRyV5teTSLoq4eG7mKw==
